
Microsoft Visual Studio Solution File, Format Version 10.00
# Visual Studio 2008
Project("{8BC9CEB8-8B4A-11D0-8D11-00A0C91BC942}") = "反转链表经典题", "反转链表经典题\反转链表经典题.vcproj", "{58F01159-FD16-4F88-A356-2EA329BFB2DC}"
EndProject
Global
	GlobalSection(SolutionConfigurationPlatforms) = preSolution
		Debug|Win32 = Debug|Win32
		Release|Win32 = Release|Win32
	EndGlobalSection
	GlobalSection(ProjectConfigurationPlatforms) = postSolution
		{58F01159-FD16-4F88-A356-2EA329BFB2DC}.Debug|Win32.ActiveCfg = Debug|Win32
		{58F01159-FD16-4F88-A356-2EA329BFB2DC}.Debug|Win32.Build.0 = Debug|Win32
		{58F01159-FD16-4F88-A356-2EA329BFB2DC}.Release|Win32.ActiveCfg = Release|Win32
		{58F01159-FD16-4F88-A356-2EA329BFB2DC}.Release|Win32.Build.0 = Release|Win32
	EndGlobalSection
	GlobalSection(SolutionProperties) = preSolution
		HideSolutionNode = FALSE
	EndGlobalSection
EndGlobal
