
Microsoft Visual Studio Solution File, Format Version 10.00
# Visual Studio 2008
Project("{8BC9CEB8-8B4A-11D0-8D11-00A0C91BC942}") = "分糖果", "分糖果\分糖果.vcproj", "{C8094C12-6DD2-4597-AC5C-6F90B8429917}"
EndProject
Global
	GlobalSection(SolutionConfigurationPlatforms) = preSolution
		Debug|Win32 = Debug|Win32
		Release|Win32 = Release|Win32
	EndGlobalSection
	GlobalSection(ProjectConfigurationPlatforms) = postSolution
		{C8094C12-6DD2-4597-AC5C-6F90B8429917}.Debug|Win32.ActiveCfg = Debug|Win32
		{C8094C12-6DD2-4597-AC5C-6F90B8429917}.Debug|Win32.Build.0 = Debug|Win32
		{C8094C12-6DD2-4597-AC5C-6F90B8429917}.Release|Win32.ActiveCfg = Release|Win32
		{C8094C12-6DD2-4597-AC5C-6F90B8429917}.Release|Win32.Build.0 = Release|Win32
	EndGlobalSection
	GlobalSection(SolutionProperties) = preSolution
		HideSolutionNode = FALSE
	EndGlobalSection
EndGlobal
