
Microsoft Visual Studio Solution File, Format Version 10.00
# Visual Studio 2008
Project("{8BC9CEB8-8B4A-11D0-8D11-00A0C91BC942}") = "19_2_28堆的基本实现", "19_2_28堆的基本实现\19_2_28堆的基本实现.vcproj", "{62661575-B5CD-43CC-8F30-88ACAF31EA3C}"
EndProject
Global
	GlobalSection(SolutionConfigurationPlatforms) = preSolution
		Debug|Win32 = Debug|Win32
		Release|Win32 = Release|Win32
	EndGlobalSection
	GlobalSection(ProjectConfigurationPlatforms) = postSolution
		{62661575-B5CD-43CC-8F30-88ACAF31EA3C}.Debug|Win32.ActiveCfg = Debug|Win32
		{62661575-B5CD-43CC-8F30-88ACAF31EA3C}.Debug|Win32.Build.0 = Debug|Win32
		{62661575-B5CD-43CC-8F30-88ACAF31EA3C}.Release|Win32.ActiveCfg = Release|Win32
		{62661575-B5CD-43CC-8F30-88ACAF31EA3C}.Release|Win32.Build.0 = Release|Win32
	EndGlobalSection
	GlobalSection(SolutionProperties) = preSolution
		HideSolutionNode = FALSE
	EndGlobalSection
EndGlobal
