
Microsoft Visual Studio Solution File, Format Version 10.00
# Visual Studio 2008
Project("{8BC9CEB8-8B4A-11D0-8D11-00A0C91BC942}") = "求次方", "求次方\求次方.vcproj", "{E440552F-4300-413A-BB63-BE296A9DF4C8}"
EndProject
Global
	GlobalSection(SolutionConfigurationPlatforms) = preSolution
		Debug|Win32 = Debug|Win32
		Release|Win32 = Release|Win32
	EndGlobalSection
	GlobalSection(ProjectConfigurationPlatforms) = postSolution
		{E440552F-4300-413A-BB63-BE296A9DF4C8}.Debug|Win32.ActiveCfg = Debug|Win32
		{E440552F-4300-413A-BB63-BE296A9DF4C8}.Debug|Win32.Build.0 = Debug|Win32
		{E440552F-4300-413A-BB63-BE296A9DF4C8}.Release|Win32.ActiveCfg = Release|Win32
		{E440552F-4300-413A-BB63-BE296A9DF4C8}.Release|Win32.Build.0 = Release|Win32
	EndGlobalSection
	GlobalSection(SolutionProperties) = preSolution
		HideSolutionNode = FALSE
	EndGlobalSection
EndGlobal
