
Microsoft Visual Studio Solution File, Format Version 10.00
# Visual Studio 2008
Project("{8BC9CEB8-8B4A-11D0-8D11-00A0C91BC942}") = "统计回文", "统计回文\统计回文.vcproj", "{D214AB09-9DE1-4CEA-BC84-13FF59817696}"
EndProject
Global
	GlobalSection(SolutionConfigurationPlatforms) = preSolution
		Debug|Win32 = Debug|Win32
		Release|Win32 = Release|Win32
	EndGlobalSection
	GlobalSection(ProjectConfigurationPlatforms) = postSolution
		{D214AB09-9DE1-4CEA-BC84-13FF59817696}.Debug|Win32.ActiveCfg = Debug|Win32
		{D214AB09-9DE1-4CEA-BC84-13FF59817696}.Debug|Win32.Build.0 = Debug|Win32
		{D214AB09-9DE1-4CEA-BC84-13FF59817696}.Release|Win32.ActiveCfg = Release|Win32
		{D214AB09-9DE1-4CEA-BC84-13FF59817696}.Release|Win32.Build.0 = Release|Win32
	EndGlobalSection
	GlobalSection(SolutionProperties) = preSolution
		HideSolutionNode = FALSE
	EndGlobalSection
EndGlobal
