
Microsoft Visual Studio Solution File, Format Version 10.00
# Visual Studio 2008
Project("{8BC9CEB8-8B4A-11D0-8D11-00A0C91BC942}") = "1_21 判断是否是回文", "1_21 判断是否是回文\1_21 判断是否是回文.vcproj", "{CDB60D35-B609-44CE-A61C-333D395317B0}"
EndProject
Global
	GlobalSection(SolutionConfigurationPlatforms) = preSolution
		Debug|Win32 = Debug|Win32
		Release|Win32 = Release|Win32
	EndGlobalSection
	GlobalSection(ProjectConfigurationPlatforms) = postSolution
		{CDB60D35-B609-44CE-A61C-333D395317B0}.Debug|Win32.ActiveCfg = Debug|Win32
		{CDB60D35-B609-44CE-A61C-333D395317B0}.Debug|Win32.Build.0 = Debug|Win32
		{CDB60D35-B609-44CE-A61C-333D395317B0}.Release|Win32.ActiveCfg = Release|Win32
		{CDB60D35-B609-44CE-A61C-333D395317B0}.Release|Win32.Build.0 = Release|Win32
	EndGlobalSection
	GlobalSection(SolutionProperties) = preSolution
		HideSolutionNode = FALSE
	EndGlobalSection
EndGlobal
