
Microsoft Visual Studio Solution File, Format Version 10.00
# Visual Studio 2008
Project("{8BC9CEB8-8B4A-11D0-8D11-00A0C91BC942}") = "字符串通配符", "字符串通配符\字符串通配符.vcproj", "{3D9E2850-8F8A-4C39-A3B0-08F40623CA49}"
EndProject
Global
	GlobalSection(SolutionConfigurationPlatforms) = preSolution
		Debug|Win32 = Debug|Win32
		Release|Win32 = Release|Win32
	EndGlobalSection
	GlobalSection(ProjectConfigurationPlatforms) = postSolution
		{3D9E2850-8F8A-4C39-A3B0-08F40623CA49}.Debug|Win32.ActiveCfg = Debug|Win32
		{3D9E2850-8F8A-4C39-A3B0-08F40623CA49}.Debug|Win32.Build.0 = Debug|Win32
		{3D9E2850-8F8A-4C39-A3B0-08F40623CA49}.Release|Win32.ActiveCfg = Release|Win32
		{3D9E2850-8F8A-4C39-A3B0-08F40623CA49}.Release|Win32.Build.0 = Release|Win32
	EndGlobalSection
	GlobalSection(SolutionProperties) = preSolution
		HideSolutionNode = FALSE
	EndGlobalSection
EndGlobal
