
Microsoft Visual Studio Solution File, Format Version 10.00
# Visual Studio 2008
Project("{8BC9CEB8-8B4A-11D0-8D11-00A0C91BC942}") = "小易的升级路", "小易的升级路\小易的升级路.vcproj", "{0A61E340-84B5-4E18-896F-7D3680DE58FC}"
EndProject
Global
	GlobalSection(SolutionConfigurationPlatforms) = preSolution
		Debug|Win32 = Debug|Win32
		Release|Win32 = Release|Win32
	EndGlobalSection
	GlobalSection(ProjectConfigurationPlatforms) = postSolution
		{0A61E340-84B5-4E18-896F-7D3680DE58FC}.Debug|Win32.ActiveCfg = Debug|Win32
		{0A61E340-84B5-4E18-896F-7D3680DE58FC}.Debug|Win32.Build.0 = Debug|Win32
		{0A61E340-84B5-4E18-896F-7D3680DE58FC}.Release|Win32.ActiveCfg = Release|Win32
		{0A61E340-84B5-4E18-896F-7D3680DE58FC}.Release|Win32.Build.0 = Release|Win32
	EndGlobalSection
	GlobalSection(SolutionProperties) = preSolution
		HideSolutionNode = FALSE
	EndGlobalSection
EndGlobal
