
Microsoft Visual Studio Solution File, Format Version 10.00
# Visual Studio 2008
Project("{8BC9CEB8-8B4A-11D0-8D11-00A0C91BC942}") = "斐波那契数列新get方法", "斐波那契数列新get方法\斐波那契数列新get方法.vcproj", "{F15D9737-B242-4C2B-8083-A73720F3141F}"
EndProject
Global
	GlobalSection(SolutionConfigurationPlatforms) = preSolution
		Debug|Win32 = Debug|Win32
		Release|Win32 = Release|Win32
	EndGlobalSection
	GlobalSection(ProjectConfigurationPlatforms) = postSolution
		{F15D9737-B242-4C2B-8083-A73720F3141F}.Debug|Win32.ActiveCfg = Debug|Win32
		{F15D9737-B242-4C2B-8083-A73720F3141F}.Debug|Win32.Build.0 = Debug|Win32
		{F15D9737-B242-4C2B-8083-A73720F3141F}.Release|Win32.ActiveCfg = Release|Win32
		{F15D9737-B242-4C2B-8083-A73720F3141F}.Release|Win32.Build.0 = Release|Win32
	EndGlobalSection
	GlobalSection(SolutionProperties) = preSolution
		HideSolutionNode = FALSE
	EndGlobalSection
EndGlobal
