
Microsoft Visual Studio Solution File, Format Version 10.00
# Visual Studio 2008
Project("{8BC9CEB8-8B4A-11D0-8D11-00A0C91BC942}") = "最近公共祖先", "最近公共祖先\最近公共祖先.vcproj", "{DFA9712F-AE21-437F-AC63-79B097D62454}"
EndProject
Global
	GlobalSection(SolutionConfigurationPlatforms) = preSolution
		Debug|Win32 = Debug|Win32
		Release|Win32 = Release|Win32
	EndGlobalSection
	GlobalSection(ProjectConfigurationPlatforms) = postSolution
		{DFA9712F-AE21-437F-AC63-79B097D62454}.Debug|Win32.ActiveCfg = Debug|Win32
		{DFA9712F-AE21-437F-AC63-79B097D62454}.Debug|Win32.Build.0 = Debug|Win32
		{DFA9712F-AE21-437F-AC63-79B097D62454}.Release|Win32.ActiveCfg = Release|Win32
		{DFA9712F-AE21-437F-AC63-79B097D62454}.Release|Win32.Build.0 = Release|Win32
	EndGlobalSection
	GlobalSection(SolutionProperties) = preSolution
		HideSolutionNode = FALSE
	EndGlobalSection
EndGlobal
