
Microsoft Visual Studio Solution File, Format Version 10.00
# Visual Studio 2008
Project("{8BC9CEB8-8B4A-11D0-8D11-00A0C91BC942}") = "1_20 返回链表的中间结点", "1_20 返回链表的中间结点\1_20 返回链表的中间结点.vcproj", "{CDE28460-3261-401A-B5E4-147CF513A6F5}"
EndProject
Global
	GlobalSection(SolutionConfigurationPlatforms) = preSolution
		Debug|Win32 = Debug|Win32
		Release|Win32 = Release|Win32
	EndGlobalSection
	GlobalSection(ProjectConfigurationPlatforms) = postSolution
		{CDE28460-3261-401A-B5E4-147CF513A6F5}.Debug|Win32.ActiveCfg = Debug|Win32
		{CDE28460-3261-401A-B5E4-147CF513A6F5}.Debug|Win32.Build.0 = Debug|Win32
		{CDE28460-3261-401A-B5E4-147CF513A6F5}.Release|Win32.ActiveCfg = Release|Win32
		{CDE28460-3261-401A-B5E4-147CF513A6F5}.Release|Win32.Build.0 = Release|Win32
	EndGlobalSection
	GlobalSection(SolutionProperties) = preSolution
		HideSolutionNode = FALSE
	EndGlobalSection
EndGlobal
