
Microsoft Visual Studio Solution File, Format Version 10.00
# Visual Studio 2008
Project("{8BC9CEB8-8B4A-11D0-8D11-00A0C91BC942}") = "异或解决", "异或解决\异或解决.vcproj", "{5D971647-2BB6-4766-8174-A4F1E83B703D}"
EndProject
Global
	GlobalSection(SolutionConfigurationPlatforms) = preSolution
		Debug|Win32 = Debug|Win32
		Release|Win32 = Release|Win32
	EndGlobalSection
	GlobalSection(ProjectConfigurationPlatforms) = postSolution
		{5D971647-2BB6-4766-8174-A4F1E83B703D}.Debug|Win32.ActiveCfg = Debug|Win32
		{5D971647-2BB6-4766-8174-A4F1E83B703D}.Debug|Win32.Build.0 = Debug|Win32
		{5D971647-2BB6-4766-8174-A4F1E83B703D}.Release|Win32.ActiveCfg = Release|Win32
		{5D971647-2BB6-4766-8174-A4F1E83B703D}.Release|Win32.Build.0 = Release|Win32
	EndGlobalSection
	GlobalSection(SolutionProperties) = preSolution
		HideSolutionNode = FALSE
	EndGlobalSection
EndGlobal
