
Microsoft Visual Studio Solution File, Format Version 10.00
# Visual Studio 2008
Project("{8BC9CEB8-8B4A-11D0-8D11-00A0C91BC942}") = "剑指_替换空格", "剑指_替换空格\剑指_替换空格.vcproj", "{E15AAB5A-0B68-4126-9573-CC80D6EFFB3E}"
EndProject
Global
	GlobalSection(SolutionConfigurationPlatforms) = preSolution
		Debug|Win32 = Debug|Win32
		Release|Win32 = Release|Win32
	EndGlobalSection
	GlobalSection(ProjectConfigurationPlatforms) = postSolution
		{E15AAB5A-0B68-4126-9573-CC80D6EFFB3E}.Debug|Win32.ActiveCfg = Debug|Win32
		{E15AAB5A-0B68-4126-9573-CC80D6EFFB3E}.Debug|Win32.Build.0 = Debug|Win32
		{E15AAB5A-0B68-4126-9573-CC80D6EFFB3E}.Release|Win32.ActiveCfg = Release|Win32
		{E15AAB5A-0B68-4126-9573-CC80D6EFFB3E}.Release|Win32.Build.0 = Release|Win32
	EndGlobalSection
	GlobalSection(SolutionProperties) = preSolution
		HideSolutionNode = FALSE
	EndGlobalSection
EndGlobal
