
Microsoft Visual Studio Solution File, Format Version 10.00
# Visual Studio 2008
Project("{8BC9CEB8-8B4A-11D0-8D11-00A0C91BC942}") = "参数解析", "参数解析\参数解析.vcproj", "{E493E566-4C11-4DE2-9CE7-964B7ED5D6AC}"
EndProject
Global
	GlobalSection(SolutionConfigurationPlatforms) = preSolution
		Debug|Win32 = Debug|Win32
		Release|Win32 = Release|Win32
	EndGlobalSection
	GlobalSection(ProjectConfigurationPlatforms) = postSolution
		{E493E566-4C11-4DE2-9CE7-964B7ED5D6AC}.Debug|Win32.ActiveCfg = Debug|Win32
		{E493E566-4C11-4DE2-9CE7-964B7ED5D6AC}.Debug|Win32.Build.0 = Debug|Win32
		{E493E566-4C11-4DE2-9CE7-964B7ED5D6AC}.Release|Win32.ActiveCfg = Release|Win32
		{E493E566-4C11-4DE2-9CE7-964B7ED5D6AC}.Release|Win32.Build.0 = Release|Win32
	EndGlobalSection
	GlobalSection(SolutionProperties) = preSolution
		HideSolutionNode = FALSE
	EndGlobalSection
EndGlobal
